
Microsoft Visual Studio Solution File, Format Version 12.00
# Visual Studio Version 17
VisualStudioVersion = 17.7.34031.279
MinimumVisualStudioVersion = 10.0.40219.1
Project("{FAE04EC0-301F-11D3-BF4B-00C04F79EFBC}") = "Message_Box_Dialog", "Message_Box_Dialog\Message_Box_Dialog.csproj", "{461426E1-6F75-4A77-8A3D-11D468BAFD70}"
EndProject
Global
	GlobalSection(SolutionConfigurationPlatforms) = preSolution
		Debug|Any CPU = Debug|Any CPU
		Release|Any CPU = Release|Any CPU
	EndGlobalSection
	GlobalSection(ProjectConfigurationPlatforms) = postSolution
		{461426E1-6F75-4A77-8A3D-11D468BAFD70}.Debug|Any CPU.ActiveCfg = Debug|Any CPU
		{461426E1-6F75-4A77-8A3D-11D468BAFD70}.Debug|Any CPU.Build.0 = Debug|Any CPU
		{461426E1-6F75-4A77-8A3D-11D468BAFD70}.Release|Any CPU.ActiveCfg = Release|Any CPU
		{461426E1-6F75-4A77-8A3D-11D468BAFD70}.Release|Any CPU.Build.0 = Release|Any CPU
	EndGlobalSection
	GlobalSection(SolutionProperties) = preSolution
		HideSolutionNode = FALSE
	EndGlobalSection
	GlobalSection(ExtensibilityGlobals) = postSolution
		SolutionGuid = {0CE6BBD6-8BB0-4D10-A18F-CF55C1D0EBEB}
	EndGlobalSection
EndGlobal
